
Microsoft Visual Studio Solution File, Format Version 12.00
# Visual Studio Version 16
VisualStudioVersion = 16.0.30503.244
MinimumVisualStudioVersion = 10.0.40219.1
Project("{FAE04EC0-301F-11D3-BF4B-00C04F79EFBC}") = "Test", "Test\Test.csproj", "{67C6E420-16D6-47EC-8C82-AD90B7183679}"
EndProject
Global
	GlobalSection(SolutionConfigurationPlatforms) = preSolution
		Debug|Any CPU = Debug|Any CPU
		Release|Any CPU = Release|Any CPU
	EndGlobalSection
	GlobalSection(ProjectConfigurationPlatforms) = postSolution
		{67C6E420-16D6-47EC-8C82-AD90B7183679}.Debug|Any CPU.ActiveCfg = Debug|Any CPU
		{67C6E420-16D6-47EC-8C82-AD90B7183679}.Debug|Any CPU.Build.0 = Debug|Any CPU
		{67C6E420-16D6-47EC-8C82-AD90B7183679}.Release|Any CPU.ActiveCfg = Release|Any CPU
		{67C6E420-16D6-47EC-8C82-AD90B7183679}.Release|Any CPU.Build.0 = Release|Any CPU
	EndGlobalSection
	GlobalSection(SolutionProperties) = preSolution
		HideSolutionNode = FALSE
	EndGlobalSection
	GlobalSection(ExtensibilityGlobals) = postSolution
		SolutionGuid = {3E186275-2B44-4D4E-9AAF-CDF3569DE26F}
	EndGlobalSection
EndGlobal
